{
    "_readme": [
        "This file locks the dependencies of your project to a known state",
        "Read more about it at https://getcomposer.org/doc/01-basic-usage.md#composer-lock-the-lock-file",
        "This file is @generated automatically"
    ],
    "hash": "1d29c817192c81317466707de3434363",
    "content-hash": "306cb1452c0f40fa6a403b562152c8ce",
    "packages": [
        {
            "name": "league/fractal",
            "version": "0.13.0",
            "source": {
                "type": "git",
                "url": "https://github.com/thephpleague/fractal.git",
                "reference": "3caeefbad51bce7a06947321938128512f42346c"
            },
            "dist": {
                "type": "zip",
                "url": "https://api.github.com/repos/thephpleague/fractal/zipball/3caeefbad51bce7a06947321938128512f42346c",
                "reference": "3caeefbad51bce7a06947321938128512f42346c",
                "shasum": ""
            },
            "require": {
                "php": ">=5.4"
            },
            "require-dev": {
                "illuminate/contracts": "~5.0",
                "mockery/mockery": "~0.9",
                "pagerfanta/pagerfanta": "~1.0.0",
                "phpunit/phpunit": "~4.0",
                "squizlabs/php_codesniffer": "~1.5",
                "zendframework/zend-paginator": "~2.3"
            },
            "suggest": {
                "illuminate/pagination": "The Illuminate Pagination component.",
                "pagerfanta/pagerfanta": "Pagerfanta Paginator",
                "zendframework/zend-paginator": "Zend Framework Paginator"
            },
            "type": "library",
            "extra": {
                "branch-alias": {
                    "dev-master": "0.13-dev"
                }
            },
            "autoload": {
                "psr-4": {
                    "League\\Fractal\\": "src"
                }
            },
            "notification-url": "https://packagist.org/downloads/",
            "license": [
                "MIT"
            ],
            "authors": [
                {
                    "name": "Phil Sturgeon",
                    "email": "me@philsturgeon.uk",
                    "homepage": "http://philsturgeon.uk/",
                    "role": "Developer"
                }
            ],
            "description": "Handle the output of complex data structures ready for API output.",
            "homepage": "http://fractal.thephpleague.com/",
            "keywords": [
                "api",
                "json",
                "league",
                "rest"
            ],
            "time": "2015-10-07 14:48:58"
        },
        {
            "name": "neomerx/json-api",
            "version": "v0.6.5",
            "source": {
                "type": "git",
                "url": "https://github.com/neomerx/json-api.git",
                "reference": "3cbe70f9671f7eb49d4192bf2274f422d5d44cf9"
            },
            "dist": {
                "type": "zip",
                "url": "https://api.github.com/repos/neomerx/json-api/zipball/3cbe70f9671f7eb49d4192bf2274f422d5d44cf9",
                "reference": "3cbe70f9671f7eb49d4192bf2274f422d5d44cf9",
                "shasum": ""
            },
            "require": {
                "php": ">=5.5.0"
            },
            "require-dev": {
                "mockery/mockery": "~0.9.4",
                "phpunit/phpunit": "~4.6 || ^5.0",
                "psr/http-message": "^1.0",
                "scrutinizer/ocular": "~1.1",
                "squizlabs/php_codesniffer": "2.*"
            },
            "type": "library",
            "extra": {
                "branch-alias": {
                    "dev-master": "0.6.x-dev"
                }
            },
            "autoload": {
                "psr-4": {
                    "Neomerx\\JsonApi\\": "src/"
                }
            },
            "notification-url": "https://packagist.org/downloads/",
            "license": [
                "Apache-2.0"
            ],
            "authors": [
                {
                    "name": "neomerx",
                    "email": "info@neomerx.com"
                }
            ],
            "description": "Framework agnostic JSON API (jsonapi.org) implementation",
            "homepage": "https://github.com/neomerx/json-api",
            "keywords": [
                "JSON-API",
                "api",
                "json",
                "jsonapi",
                "jsonapi.org",
                "neomerx"
            ],
            "time": "2015-12-15 21:25:40"
        },
        {
            "name": "nilportugues/api-transformer",
            "version": "1.5.0",
            "source": {
                "type": "git",
                "url": "https://github.com/nilportugues/api-transformer.git",
                "reference": "07041a025d281329bb0a1bb487068aefc2ac58e0"
            },
            "dist": {
                "type": "zip",
                "url": "https://api.github.com/repos/nilportugues/api-transformer/zipball/07041a025d281329bb0a1bb487068aefc2ac58e0",
                "reference": "07041a025d281329bb0a1bb487068aefc2ac58e0",
                "shasum": ""
            },
            "require": {
                "nilportugues/serializer": "~1.1",
                "php": ">=5.5.0",
                "psr/http-message": "~1.0",
                "zendframework/zend-diactoros": "^1.1.0"
            },
            "require-dev": {
                "fabpot/php-cs-fixer": "~1.9",
                "mmoreram/php-formatter": "dev-master",
                "nilportugues/php_backslasher": "~0.2",
                "phpunit/phpunit": "5.*",
                "satooshi/php-coveralls": "dev-master"
            },
            "type": "library",
            "autoload": {
                "psr-4": {
                    "NilPortugues\\Api\\Http\\": "src/Http/",
                    "NilPortugues\\Api\\Mapping\\": "src/Mapping/",
                    "NilPortugues\\Api\\Mappings\\": "src/Mappings/",
                    "NilPortugues\\Api\\Transformer\\": "src/Transformer/"
                }
            },
            "notification-url": "https://packagist.org/downloads/",
            "license": [
                "MIT"
            ],
            "authors": [
                {
                    "name": "Nil Portugués Calderó",
                    "email": "contact@nilportugues.com",
                    "role": "Project Lead Developer"
                }
            ],
            "description": "Base library providing the core functionality for API transformation.",
            "homepage": "http://nilportugues.com",
            "keywords": [
                "api",
                "psr7",
                "response",
                "serializer",
                "transformer"
            ],
            "time": "2015-12-06 15:46:26"
        },
        {
            "name": "nilportugues/json-api",
            "version": "2.1.6",
            "source": {
                "type": "git",
                "url": "https://github.com/nilportugues/php-json-api.git",
                "reference": "ece444443d390ff47c50d24b781a8469efd70344"
            },
            "dist": {
                "type": "zip",
                "url": "https://api.github.com/repos/nilportugues/php-json-api/zipball/ece444443d390ff47c50d24b781a8469efd70344",
                "reference": "ece444443d390ff47c50d24b781a8469efd70344",
                "shasum": ""
            },
            "require": {
                "nilportugues/api-transformer": "~1.5",
                "php": ">=5.5.0",
                "symfony/psr-http-message-bridge": "0.2"
            },
            "require-dev": {
                "fabpot/php-cs-fixer": "^1.9",
                "mmoreram/php-formatter": "dev-master",
                "nilportugues/php_backslasher": "^0.2.1",
                "phpunit/phpunit": "4.*",
                "satooshi/php-coveralls": "dev-master"
            },
            "type": "library",
            "autoload": {
                "psr-4": {
                    "NilPortugues\\Api\\JsonApi\\": "src/"
                }
            },
            "notification-url": "https://packagist.org/downloads/",
            "license": [
                "MIT"
            ],
            "authors": [
                {
                    "name": "Nil Portugués Calderó",
                    "email": "contact@nilportugues.com",
                    "role": "Project Lead Developer"
                }
            ],
            "description": "Serializer transformers outputting valid API responses in JSON, JSON API and HAL+JSON API formats.",
            "homepage": "http://nilportugues.com",
            "keywords": [
                "api",
                "json",
                "jsonapi",
                "psr7",
                "response",
                "serializer",
                "transformer"
            ],
            "time": "2016-02-01 09:34:57"
        },
        {
            "name": "nilportugues/serializer",
            "version": "1.1.6",
            "source": {
                "type": "git",
                "url": "https://github.com/nilportugues/serializer.git",
                "reference": "7d3d2119269bb25af1c3e2fc117d3428f9611548"
            },
            "dist": {
                "type": "zip",
                "url": "https://api.github.com/repos/nilportugues/serializer/zipball/7d3d2119269bb25af1c3e2fc117d3428f9611548",
                "reference": "7d3d2119269bb25af1c3e2fc117d3428f9611548",
                "shasum": ""
            },
            "require": {
                "php": ">=5.5.0",
                "symfony/yaml": "^2.7"
            },
            "require-dev": {
                "doctrine/collections": "^1.3",
                "fabpot/php-cs-fixer": "^1.9",
                "mmoreram/php-formatter": "dev-master",
                "nilportugues/php_backslasher": "~0.2",
                "phpunit/phpunit": "5.*",
                "satooshi/php-coveralls": "dev-master"
            },
            "type": "library",
            "autoload": {
                "psr-4": {
                    "NilPortugues\\Serializer\\": "src/"
                }
            },
            "notification-url": "https://packagist.org/downloads/",
            "license": [
                "MIT"
            ],
            "authors": [
                {
                    "name": "Nil Portugués Calderó",
                    "email": "contact@nilportugues.com",
                    "role": "Project Lead Developer"
                },
                {
                    "name": "Zumba Fitness, LLC",
                    "email": "engineering@zumba.com",
                    "role": "Author of the original idea: https://github.com/zumba/json-serializer"
                },
                {
                    "name": "Juan Basso",
                    "email": "juan.basso@zumba.com",
                    "role": "Author of the original idea: https://github.com/zumba/json-serializer"
                }
            ],
            "description": "Serialize PHP variables, including objects, in any format. Support to unserialize it too.",
            "homepage": "http://nilportugues.com",
            "keywords": [
                "json",
                "serialize",
                "serializer"
            ],
            "time": "2015-11-02 22:52:09"
        },
        {
            "name": "psr/http-message",
            "version": "1.0",
            "source": {
                "type": "git",
                "url": "https://github.com/php-fig/http-message.git",
                "reference": "85d63699f0dbedb190bbd4b0d2b9dc707ea4c298"
            },
            "dist": {
                "type": "zip",
                "url": "https://api.github.com/repos/php-fig/http-message/zipball/85d63699f0dbedb190bbd4b0d2b9dc707ea4c298",
                "reference": "85d63699f0dbedb190bbd4b0d2b9dc707ea4c298",
                "shasum": ""
            },
            "require": {
                "php": ">=5.3.0"
            },
            "type": "library",
            "extra": {
                "branch-alias": {
                    "dev-master": "1.0.x-dev"
                }
            },
            "autoload": {
                "psr-4": {
                    "Psr\\Http\\Message\\": "src/"
                }
            },
            "notification-url": "https://packagist.org/downloads/",
            "license": [
                "MIT"
            ],
            "authors": [
                {
                    "name": "PHP-FIG",
                    "homepage": "http://www.php-fig.org/"
                }
            ],
            "description": "Common interface for HTTP messages",
            "keywords": [
                "http",
                "http-message",
                "psr",
                "psr-7",
                "request",
                "response"
            ],
            "time": "2015-05-04 20:22:00"
        },
        {
            "name": "symfony/http-foundation",
            "version": "v3.0.2",
            "source": {
                "type": "git",
                "url": "https://github.com/symfony/http-foundation.git",
                "reference": "9344a87ceedfc50354a39653e54257ee9aa6a77d"
            },
            "dist": {
                "type": "zip",
                "url": "https://api.github.com/repos/symfony/http-foundation/zipball/9344a87ceedfc50354a39653e54257ee9aa6a77d",
                "reference": "9344a87ceedfc50354a39653e54257ee9aa6a77d",
                "shasum": ""
            },
            "require": {
                "php": ">=5.5.9"
            },
            "require-dev": {
                "symfony/expression-language": "~2.8|~3.0"
            },
            "type": "library",
            "extra": {
                "branch-alias": {
                    "dev-master": "3.0-dev"
                }
            },
            "autoload": {
                "psr-4": {
                    "Symfony\\Component\\HttpFoundation\\": ""
                },
                "exclude-from-classmap": [
                    "/Tests/"
                ]
            },
            "notification-url": "https://packagist.org/downloads/",
            "license": [
                "MIT"
            ],
            "authors": [
                {
                    "name": "Fabien Potencier",
                    "email": "fabien@symfony.com"
                },
                {
                    "name": "Symfony Community",
                    "homepage": "https://symfony.com/contributors"
                }
            ],
            "description": "Symfony HttpFoundation Component",
            "homepage": "https://symfony.com",
            "time": "2016-02-02 13:44:19"
        },
        {
            "name": "symfony/psr-http-message-bridge",
            "version": "v0.2",
            "source": {
                "type": "git",
                "url": "https://github.com/symfony/psr-http-message-bridge.git",
                "reference": "dc7e308e1dc2898a46776e2221a643cb08315453"
            },
            "dist": {
                "type": "zip",
                "url": "https://api.github.com/repos/symfony/psr-http-message-bridge/zipball/dc7e308e1dc2898a46776e2221a643cb08315453",
                "reference": "dc7e308e1dc2898a46776e2221a643cb08315453",
                "shasum": ""
            },
            "require": {
                "php": ">=5.3.3",
                "psr/http-message": "~1.0",
                "symfony/http-foundation": "~2.3|~3.0"
            },
            "require-dev": {
                "symfony/phpunit-bridge": "~2.7|~3.0"
            },
            "suggest": {
                "zendframework/zend-diactoros": "To use the Zend Diactoros factory"
            },
            "type": "symfony-bridge",
            "autoload": {
                "psr-4": {
                    "Symfony\\Bridge\\PsrHttpMessage\\": ""
                }
            },
            "notification-url": "https://packagist.org/downloads/",
            "license": [
                "MIT"
            ],
            "authors": [
                {
                    "name": "Symfony Community",
                    "homepage": "http://symfony.com/contributors"
                },
                {
                    "name": "Fabien Potencier",
                    "email": "fabien@symfony.com"
                }
            ],
            "description": "PSR HTTP message bridge",
            "homepage": "http://symfony.com",
            "keywords": [
                "http",
                "http-message",
                "psr-7"
            ],
            "time": "2015-05-29 17:57:12"
        },
        {
            "name": "symfony/yaml",
            "version": "v2.8.2",
            "source": {
                "type": "git",
                "url": "https://github.com/symfony/yaml.git",
                "reference": "34c8a4b51e751e7ea869b8262f883d008a2b81b8"
            },
            "dist": {
                "type": "zip",
                "url": "https://api.github.com/repos/symfony/yaml/zipball/34c8a4b51e751e7ea869b8262f883d008a2b81b8",
                "reference": "34c8a4b51e751e7ea869b8262f883d008a2b81b8",
                "shasum": ""
            },
            "require": {
                "php": ">=5.3.9"
            },
            "type": "library",
            "extra": {
                "branch-alias": {
                    "dev-master": "2.8-dev"
                }
            },
            "autoload": {
                "psr-4": {
                    "Symfony\\Component\\Yaml\\": ""
                },
                "exclude-from-classmap": [
                    "/Tests/"
                ]
            },
            "notification-url": "https://packagist.org/downloads/",
            "license": [
                "MIT"
            ],
            "authors": [
                {
                    "name": "Fabien Potencier",
                    "email": "fabien@symfony.com"
                },
                {
                    "name": "Symfony Community",
                    "homepage": "https://symfony.com/contributors"
                }
            ],
            "description": "Symfony Yaml Component",
            "homepage": "https://symfony.com",
            "time": "2016-01-13 10:28:07"
        },
        {
            "name": "tobscure/json-api",
            "version": "v0.2.1",
            "source": {
                "type": "git",
                "url": "https://github.com/tobscure/json-api.git",
                "reference": "1e5a14d368746d6c9bb769f63ada5a31c94c1d15"
            },
            "dist": {
                "type": "zip",
                "url": "https://api.github.com/repos/tobscure/json-api/zipball/1e5a14d368746d6c9bb769f63ada5a31c94c1d15",
                "reference": "1e5a14d368746d6c9bb769f63ada5a31c94c1d15",
                "shasum": ""
            },
            "require": {
                "php": ">=5.5.9"
            },
            "require-dev": {
                "phpunit/phpunit": "^4.8.0"
            },
            "type": "library",
            "extra": {
                "branch-alias": {
                    "dev-master": "1.0-dev"
                }
            },
            "autoload": {
                "psr-4": {
                    "Tobscure\\JsonApi\\": "src/"
                }
            },
            "notification-url": "https://packagist.org/downloads/",
            "license": [
                "MIT"
            ],
            "authors": [
                {
                    "name": "Toby Zerner",
                    "email": "toby.zerner@gmail.com"
                }
            ],
            "description": "JSON-API responses in PHP",
            "keywords": [
                "api",
                "json",
                "jsonapi",
                "standard"
            ],
            "time": "2015-11-02 12:50:22"
        },
        {
            "name": "woohoolabs/yin",
            "version": "0.10.1",
            "source": {
                "type": "git",
                "url": "https://github.com/woohoolabs/yin.git",
                "reference": "65620ee94ee45e27d3a95649d2bb9e605a635d63"
            },
            "dist": {
                "type": "zip",
                "url": "https://api.github.com/repos/woohoolabs/yin/zipball/65620ee94ee45e27d3a95649d2bb9e605a635d63",
                "reference": "65620ee94ee45e27d3a95649d2bb9e605a635d63",
                "shasum": ""
            },
            "require": {
                "php": "^5.5.0||^7.0.0",
                "psr/http-message": "^1.0.0"
            },
            "require-dev": {
                "phpunit/phpunit": "^4.4.0",
                "squizlabs/php_codesniffer": "^2.3.1",
                "zendframework/zend-diactoros": "^1.1.0"
            },
            "suggest": {
                "justinrainbow/json-schema": "Allows to validate the request and response body against the JSON API schema (version 1.5.0 is tested)",
                "seld/jsonlint": "Allows to lint the request and response body (version 1.3.1 is tested)"
            },
            "type": "library",
            "autoload": {
                "psr-4": {
                    "WoohooLabs\\Yin\\": "src/"
                }
            },
            "notification-url": "https://packagist.org/downloads/",
            "license": [
                "MIT"
            ],
            "authors": [
                {
                    "name": "Máté Kocsis",
                    "email": "kocsismate@woohoolabs.com"
                }
            ],
            "description": "Woohoo Labs. Yin",
            "homepage": "http://yin.woohoolabs.com",
            "keywords": [
                "HATEOAS",
                "Woohoo Labs.",
                "Yin",
                "json api",
                "psr-7"
            ],
            "time": "2016-01-21 19:31:08"
        },
        {
            "name": "zendframework/zend-diactoros",
            "version": "1.3.3",
            "source": {
                "type": "git",
                "url": "https://github.com/zendframework/zend-diactoros.git",
                "reference": "4d54fde709664562eb63356f0250d527824d05de"
            },
            "dist": {
                "type": "zip",
                "url": "https://api.github.com/repos/zendframework/zend-diactoros/zipball/4d54fde709664562eb63356f0250d527824d05de",
                "reference": "4d54fde709664562eb63356f0250d527824d05de",
                "shasum": ""
            },
            "require": {
                "php": ">=5.4",
                "psr/http-message": "~1.0"
            },
            "provide": {
                "psr/http-message-implementation": "~1.0.0"
            },
            "require-dev": {
                "phpunit/phpunit": "~4.6",
                "squizlabs/php_codesniffer": "^2.3.1"
            },
            "type": "library",
            "extra": {
                "branch-alias": {
                    "dev-master": "1.3-dev",
                    "dev-develop": "1.4-dev"
                }
            },
            "autoload": {
                "psr-4": {
                    "Zend\\Diactoros\\": "src/"
                }
            },
            "notification-url": "https://packagist.org/downloads/",
            "license": [
                "BSD-2-Clause"
            ],
            "description": "PSR HTTP Message implementations",
            "homepage": "https://github.com/zendframework/zend-diactoros",
            "keywords": [
                "http",
                "psr",
                "psr-7"
            ],
            "time": "2016-01-04 21:37:32"
        }
    ],
    "packages-dev": [],
    "aliases": [],
    "minimum-stability": "stable",
    "stability-flags": [],
    "prefer-stable": false,
    "prefer-lowest": false,
    "platform": [],
    "platform-dev": []
}
